lockfileVersion: 5.4

specifiers:
  showdown: ^2.1.0

dependencies:
  showdown: 2.1.0

packages:

  /commander/9.5.0:
    resolution: {integrity: sha512-KRs7WVDKg86PWiuAqhDrAQnTXZKraVcCc6vFdL14qrZ/DcWwuRo7VoiYXalXO7S5GKpqYiVEwCbgFDfxNHKJBQ==}
    engines: {node: ^12.20.0 || >=14}
    dev: false

  /showdown/2.1.0:
    resolution: {integrity: sha512-/6NVYu4U819R2pUIk79n67SYgJHWCce0a5xTP979WbNp0FL9MN1I1QK662IDU1b6JzKTvmhgI7T7JYIxBi3kMQ==}
    hasBin: true
    dependencies:
      commander: 9.5.0
    dev: false
